
Microsoft Visual Studio Solution File, Format Version 12.00
# Visual Studio 15
VisualStudioVersion = 15.0.27130.2010
MinimumVisualStudioVersion = 10.0.40219.1
Project("{9A19103F-16F7-4668-BE54-9A1E7A4F7556}") = "AlexaToTwitter", "AlexaToTwitter\AlexaToTwitter.csproj", "{4767D986-E8F7-4406-B16A-80196CA3F60A}"
EndProject
Project("{9A19103F-16F7-4668-BE54-9A1E7A4F7556}") = "AlexaToTwitter2", "AlexaToTwitter2\AlexaToTwitter2.csproj", "{E5298276-5CA5-4970-BBDA-FB79848D4258}"
EndProject
Global
	GlobalSection(SolutionConfigurationPlatforms) = preSolution
		Debug|Any CPU = Debug|Any CPU
		Release|Any CPU = Release|Any CPU
	EndGlobalSection
	GlobalSection(ProjectConfigurationPlatforms) = postSolution
		{4767D986-E8F7-4406-B16A-80196CA3F60A}.Debug|Any CPU.ActiveCfg = Debug|Any CPU
		{4767D986-E8F7-4406-B16A-80196CA3F60A}.Debug|Any CPU.Build.0 = Debug|Any CPU
		{4767D986-E8F7-4406-B16A-80196CA3F60A}.Release|Any CPU.ActiveCfg = Release|Any CPU
		{4767D986-E8F7-4406-B16A-80196CA3F60A}.Release|Any CPU.Build.0 = Release|Any CPU
		{E5298276-5CA5-4970-BBDA-FB79848D4258}.Debug|Any CPU.ActiveCfg = Debug|Any CPU
		{E5298276-5CA5-4970-BBDA-FB79848D4258}.Debug|Any CPU.Build.0 = Debug|Any CPU
		{E5298276-5CA5-4970-BBDA-FB79848D4258}.Release|Any CPU.ActiveCfg = Release|Any CPU
		{E5298276-5CA5-4970-BBDA-FB79848D4258}.Release|Any CPU.Build.0 = Release|Any CPU
	EndGlobalSection
	GlobalSection(SolutionProperties) = preSolution
		HideSolutionNode = FALSE
	EndGlobalSection
	GlobalSection(ExtensibilityGlobals) = postSolution
		SolutionGuid = {4D2D7CB5-97AE-4D9F-972C-E0C16163B250}
	EndGlobalSection
EndGlobal
